
Microsoft Visual Studio Solution File, Format Version 12.00
# Visual Studio Version 17
VisualStudioVersion = 17.7.34031.279
MinimumVisualStudioVersion = 10.0.40219.1
Project("{FAE04EC0-301F-11D3-BF4B-00C04F79EFBC}") = "Week7_Functions", "Week7\Week7_Functions.csproj", "{39C0377A-540C-4E7B-BC4B-0C80BDA7FAD4}"
EndProject
Project("{FAE04EC0-301F-11D3-BF4B-00C04F79EFBC}") = "Week7_ArgumentsAndParameters", "Week7_ArgumentsAndParameters\Week7_ArgumentsAndParameters.csproj", "{1FC25B7C-A8EC-4CAB-91EA-0008FA41FA89}"
EndProject
Project("{FAE04EC0-301F-11D3-BF4B-00C04F79EFBC}") = "Week7_temp_teisendus", "Week7_temp_teisendus\Week7_temp_teisendus.csproj", "{03FF8444-C489-439C-9BC0-FE440898D013}"
EndProject
Global
	GlobalSection(SolutionConfigurationPlatforms) = preSolution
		Debug|Any CPU = Debug|Any CPU
		Release|Any CPU = Release|Any CPU
	EndGlobalSection
	GlobalSection(ProjectConfigurationPlatforms) = postSolution
		{39C0377A-540C-4E7B-BC4B-0C80BDA7FAD4}.Debug|Any CPU.ActiveCfg = Debug|Any CPU
		{39C0377A-540C-4E7B-BC4B-0C80BDA7FAD4}.Debug|Any CPU.Build.0 = Debug|Any CPU
		{39C0377A-540C-4E7B-BC4B-0C80BDA7FAD4}.Release|Any CPU.ActiveCfg = Release|Any CPU
		{39C0377A-540C-4E7B-BC4B-0C80BDA7FAD4}.Release|Any CPU.Build.0 = Release|Any CPU
		{1FC25B7C-A8EC-4CAB-91EA-0008FA41FA89}.Debug|Any CPU.ActiveCfg = Debug|Any CPU
		{1FC25B7C-A8EC-4CAB-91EA-0008FA41FA89}.Debug|Any CPU.Build.0 = Debug|Any CPU
		{1FC25B7C-A8EC-4CAB-91EA-0008FA41FA89}.Release|Any CPU.ActiveCfg = Release|Any CPU
		{1FC25B7C-A8EC-4CAB-91EA-0008FA41FA89}.Release|Any CPU.Build.0 = Release|Any CPU
		{03FF8444-C489-439C-9BC0-FE440898D013}.Debug|Any CPU.ActiveCfg = Debug|Any CPU
		{03FF8444-C489-439C-9BC0-FE440898D013}.Debug|Any CPU.Build.0 = Debug|Any CPU
		{03FF8444-C489-439C-9BC0-FE440898D013}.Release|Any CPU.ActiveCfg = Release|Any CPU
		{03FF8444-C489-439C-9BC0-FE440898D013}.Release|Any CPU.Build.0 = Release|Any CPU
	EndGlobalSection
	GlobalSection(SolutionProperties) = preSolution
		HideSolutionNode = FALSE
	EndGlobalSection
	GlobalSection(ExtensibilityGlobals) = postSolution
		SolutionGuid = {39A2E7F1-7FE7-4F92-90B3-4F2790BBB97F}
	EndGlobalSection
EndGlobal
